{
  "requires": true,
  "lockfileVersion": 1,
  "dependencies": {
    "bootstrap": {
      "version": "3.3.7",
      "resolved": "http://registry.npm.taobao.org/bootstrap/download/bootstrap-3.3.7.tgz"
    },
    "distpicker": {
      "version": "2.0.2",
      "resolved": "https://registry.npmjs.org/distpicker/-/distpicker-2.0.2.tgz",
      "integrity": "sha512-igmyaAc/tnu42DOlQz3hxATPHLg6ZjqWgdAc2f+X/4vmZnPlvTZ+o5M1HHV0n/y7kzmQw0z2ISPuBbA641THJA=="
    },
    "hdjs": {
      "version": "1.2.93",
      "resolved": "http://registry.npm.taobao.org/hdjs/download/hdjs-1.2.93.tgz",
      "requires": {
        "webuploader": "0.1.8"
      },
      "dependencies": {
        "webuploader": {
          "version": "0.1.8",
          "bundled": true
        }
      }
    },
    "layui-src": {
      "version": "2.2.3",
      "resolved": "http://registry.npm.taobao.org/layui-src/download/layui-src-2.2.3.tgz"
    },
    "webuploader": {
      "version": "0.1.8",
      "resolved": "http://registry.npm.taobao.org/webuploader/download/webuploader-0.1.8.tgz"
    }
  }
}
